// !$*UTF8*$!
{
	archiveVersion = 1;
	classes = {
	};
	objectVersion = 46;
	objects = {

/* Begin PBXBuildFile section */
		1F0326E51F0D257700BF3358 /* NVActivityIndicatorAnimationDelegate.swift in Sources */ = {isa = PBXBuildFile; fileRef = 1F0326C01F0D257700BF3358 /* NVActivityIndicatorAnimationDelegate.swift */; };
		1F0326E71F0D257700BF3358 /* NVActivityIndicatorShape.swift in Sources */ = {isa = PBXBuildFile; fileRef = 1F0326C21F0D257700BF3358 /* NVActivityIndicatorShape.swift */; };
		1F0326E81F0D257700BF3358 /* NVActivityIndicatorView.swift in Sources */ = {isa = PBXBuildFile; fileRef = 1F0326C31F0D257700BF3358 /* NVActivityIndicatorView.swift */; };
		1F0326EF1F0D277900BF3358 /* NVActivityIndicatorView.h in Headers */ = {isa = PBXBuildFile; fileRef = 1F0326EC1F0D25BE00BF3358 /* NVActivityIndicatorView.h */; settings = {ATTRIBUTES = (Public, ); }; };
		1F88C9D21F10D03E00869231 /* NVActivityIndicatorPresenter.swift in Sources */ = {isa = PBXBuildFile; fileRef = 1F88C9D01F10D03E00869231 /* NVActivityIndicatorPresenter.swift */; };
		1F88C9D31F10D03E00869231 /* NVActivityIndicatorViewable.swift in Sources */ = {isa = PBXBuildFile; fileRef = 1F88C9D11F10D03E00869231 /* NVActivityIndicatorViewable.swift */; };
		1F88C9DD1F10D0B200869231 /* NVActivityIndicatorViewAppExtension.h in Headers */ = {isa = PBXBuildFile; fileRef = 1F88C9DB1F10D0B200869231 /* NVActivityIndicatorViewAppExtension.h */; settings = {ATTRIBUTES = (Public, ); }; };
		1F88C9E11F10D0D300869231 /* NVActivityIndicatorAnimationDelegate.swift in Sources */ = {isa = PBXBuildFile; fileRef = 1F0326C01F0D257700BF3358 /* NVActivityIndicatorAnimationDelegate.swift */; };
		1F88C9E21F10D0D300869231 /* NVActivityIndicatorShape.swift in Sources */ = {isa = PBXBuildFile; fileRef = 1F0326C21F0D257700BF3358 /* NVActivityIndicatorShape.swift */; };
		1F88C9E31F10D0D300869231 /* NVActivityIndicatorView.swift in Sources */ = {isa = PBXBuildFile; fileRef = 1F0326C31F0D257700BF3358 /* NVActivityIndicatorView.swift */; };
		42FBD4D4E53E1AED25CE9440 /* Pods_NVActivityIndicatorViewAppExtension.framework in Frameworks */ = {isa = PBXBuildFile; fileRef = 33871491FB0D16BF79552A73 /* Pods_NVActivityIndicatorViewAppExtension.framework */; };
		7342E9AF6D4C909CFF985998 /* Pods_NVActivityIndicatorView.framework in Frameworks */ = {isa = PBXBuildFile; fileRef = 9CA2ED6E28ECBE02DEAFD7AF /* Pods_NVActivityIndicatorView.framework */; };
/* End PBXBuildFile section */

/* Begin PBXFileReference section */
		1F0326941F0D24BE00BF3358 /* NVActivityIndicatorView.framework */ = {isa = PBXFileReference; explicitFileType = wrapper.framework; includeInIndex = 0; path = NVActivityIndicatorView.framework; sourceTree = BUILT_PRODUCTS_DIR; };
		1F0326C01F0D257700BF3358 /* NVActivityIndicatorAnimationDelegate.swift */ = {isa = PBXFileReference; fileEncoding = 4; lastKnownFileType = sourcecode.swift; path = NVActivityIndicatorAnimationDelegate.swift; sourceTree = "<group>"; };
		1F0326C21F0D257700BF3358 /* NVActivityIndicatorShape.swift */ = {isa = PBXFileReference; fileEncoding = 4; lastKnownFileType = sourcecode.swift; path = NVActivityIndicatorShape.swift; sourceTree = "<group>"; };
		1F0326C31F0D257700BF3358 /* NVActivityIndicatorView.swift */ = {isa = PBXFileReference; fileEncoding = 4; lastKnownFileType = sourcecode.swift; path = NVActivityIndicatorView.swift; sourceTree = "<group>"; };
		1F0326EB1F0D25BE00BF3358 /* Info.plist */ = {isa = PBXFileReference; fileEncoding = 4; lastKnownFileType = text.plist.xml; path = Info.plist; sourceTree = "<group>"; };
		1F0326EC1F0D25BE00BF3358 /* NVActivityIndicatorView.h */ = {isa = PBXFileReference; fileEncoding = 4; lastKnownFileType = sourcecode.c.h; path = NVActivityIndicatorView.h; sourceTree = "<group>"; };
		1F88C9D01F10D03E00869231 /* NVActivityIndicatorPresenter.swift */ = {isa = PBXFileReference; fileEncoding = 4; lastKnownFileType = sourcecode.swift; path = NVActivityIndicatorPresenter.swift; sourceTree = "<group>"; };
		1F88C9D11F10D03E00869231 /* NVActivityIndicatorViewable.swift */ = {isa = PBXFileReference; fileEncoding = 4; lastKnownFileType = sourcecode.swift; path = NVActivityIndicatorViewable.swift; sourceTree = "<group>"; };
		1F88C9D91F10D0B200869231 /* NVActivityIndicatorViewAppExtension.framework */ = {isa = PBXFileReference; explicitFileType = wrapper.framework; includeInIndex = 0; path = NVActivityIndicatorViewAppExtension.framework; sourceTree = BUILT_PRODUCTS_DIR; };
		1F88C9DB1F10D0B200869231 /* NVActivityIndicatorViewAppExtension.h */ = {isa = PBXFileReference; lastKnownFileType = sourcecode.c.h; path = NVActivityIndicatorViewAppExtension.h; sourceTree = "<group>"; };
		1F88C9DC1F10D0B200869231 /* Info.plist */ = {isa = PBXFileReference; lastKnownFileType = text.plist.xml; path = Info.plist; sourceTree = "<group>"; };
		296A899C24C83EC9429D807C /* Pods-NVActivityIndicatorView.debug.xcconfig */ = {isa = PBXFileReference; includeInIndex = 1; lastKnownFileType = text.xcconfig; name = "Pods-NVActivityIndicatorView.debug.xcconfig"; path = "Pods/Target Support Files/Pods-NVActivityIndicatorView/Pods-NVActivityIndicatorView.debug.xcconfig"; sourceTree = "<group>"; };
		33871491FB0D16BF79552A73 /* Pods_NVActivityIndicatorViewAppExtension.framework */ = {isa = PBXFileReference; explicitFileType = wrapper.framework; includeInIndex = 0; path = Pods_NVActivityIndicatorViewAppExtension.framework; sourceTree = BUILT_PRODUCTS_DIR; };
		6D4BE5FA0DA03ED42FE66E92 /* Pods-NVActivityIndicatorViewAppExtension.release.xcconfig */ = {isa = PBXFileReference; includeInIndex = 1; lastKnownFileType = text.xcconfig; name = "Pods-NVActivityIndicatorViewAppExtension.release.xcconfig"; path = "Pods/Target Support Files/Pods-NVActivityIndicatorViewAppExtension/Pods-NVActivityIndicatorViewAppExtension.release.xcconfig"; sourceTree = "<group>"; };
		9CA2ED6E28ECBE02DEAFD7AF /* Pods_NVActivityIndicatorView.framework */ = {isa = PBXFileReference; explicitFileType = wrapper.framework; includeInIndex = 0; path = Pods_NVActivityIndicatorView.framework; sourceTree = BUILT_PRODUCTS_DIR; };
		A1144635A5D518D25E7E0999 /* Pods-NVActivityIndicatorView.release.xcconfig */ = {isa = PBXFileReference; includeInIndex = 1; lastKnownFileType = text.xcconfig; name = "Pods-NVActivityIndicatorView.release.xcconfig"; path = "Pods/Target Support Files/Pods-NVActivityIndicatorView/Pods-NVActivityIndicatorView.release.xcconfig"; sourceTree = "<group>"; };
		E04D75F1A976D8BDAAE972C4 /* Pods-NVActivityIndicatorViewAppExtension.debug.xcconfig */ = {isa = PBXFileReference; includeInIndex = 1; lastKnownFileType = text.xcconfig; name = "Pods-NVActivityIndicatorViewAppExtension.debug.xcconfig"; path = "Pods/Target Support Files/Pods-NVActivityIndicatorViewAppExtension/Pods-NVActivityIndicatorViewAppExtension.debug.xcconfig"; sourceTree = "<group>"; };
/* End PBXFileReference section */

/* Begin PBXFrameworksBuildPhase section */
		1F0326901F0D24BE00BF3358 /* Frameworks */ = {
			isa = PBXFrameworksBuildPhase;
			buildActionMask = 2147483647;
			files = (
				7342E9AF6D4C909CFF985998 /* Pods_NVActivityIndicatorView.framework in Frameworks */,
			);
			runOnlyForDeploymentPostprocessing = 0;
		};
		1F88C9D51F10D0B200869231 /* Frameworks */ = {
			isa = PBXFrameworksBuildPhase;
			buildActionMask = 2147483647;
			files = (
				42FBD4D4E53E1AED25CE9440 /* Pods_NVActivityIndicatorViewAppExtension.framework in Frameworks */,
			);
			runOnlyForDeploymentPostprocessing = 0;
		};
/* End PBXFrameworksBuildPhase section */

/* Begin PBXGroup section */
		1F03268A1F0D24BE00BF3358 = {
			isa = PBXGroup;
			children = (
				1F0326961F0D24BE00BF3358 /* NVActivityIndicatorView */,
				1F88C9DA1F10D0B200869231 /* NVActivityIndicatorViewAppExtension */,
				1F0326951F0D24BE00BF3358 /* Products */,
				7954CC8460E0A38C28A7F646 /* Pods */,
				4D316C4A737668CF3D75E3B9 /* Frameworks */,
			);
			sourceTree = "<group>";
		};
		1F0326951F0D24BE00BF3358 /* Products */ = {
			isa = PBXGroup;
			children = (
				1F0326941F0D24BE00BF3358 /* NVActivityIndicatorView.framework */,
				1F88C9D91F10D0B200869231 /* NVActivityIndicatorViewAppExtension.framework */,
			);
			name = Products;
			sourceTree = "<group>";
		};
		1F0326961F0D24BE00BF3358 /* NVActivityIndicatorView */ = {
			isa = PBXGroup;
			children = (
				1F0326C01F0D257700BF3358 /* NVActivityIndicatorAnimationDelegate.swift */,
				1F0326C21F0D257700BF3358 /* NVActivityIndicatorShape.swift */,
				1F0326C31F0D257700BF3358 /* NVActivityIndicatorView.swift */,
				1F03269F1F0D257600BF3358 /* Animations */,
				1F0326EA1F0D259300BF3358 /* Supporting Files */,
				1F88C9CB1F10CD7300869231 /* Presenter */,
			);
			path = NVActivityIndicatorView;
			sourceTree = "<group>";
		};
		1F03269F1F0D257600BF3358 /* Animations */ = {
			isa = PBXGroup;
			children = (
			);
			path = Animations;
			sourceTree = "<group>";
		};
		1F0326EA1F0D259300BF3358 /* Supporting Files */ = {
			isa = PBXGroup;
			children = (
				1F0326EB1F0D25BE00BF3358 /* Info.plist */,
				1F0326EC1F0D25BE00BF3358 /* NVActivityIndicatorView.h */,
			);
			path = "Supporting Files";
			sourceTree = "<group>";
		};
		1F88C9CB1F10CD7300869231 /* Presenter */ = {
			isa = PBXGroup;
			children = (
				1F88C9D01F10D03E00869231 /* NVActivityIndicatorPresenter.swift */,
				1F88C9D11F10D03E00869231 /* NVActivityIndicatorViewable.swift */,
			);
			path = Presenter;
			sourceTree = "<group>";
		};
		1F88C9DA1F10D0B200869231 /* NVActivityIndicatorViewAppExtension */ = {
			isa = PBXGroup;
			children = (
				1F88C9DB1F10D0B200869231 /* NVActivityIndicatorViewAppExtension.h */,
				1F88C9DC1F10D0B200869231 /* Info.plist */,
			);
			path = NVActivityIndicatorViewAppExtension;
			sourceTree = "<group>";
		};
		4D316C4A737668CF3D75E3B9 /* Frameworks */ = {
			isa = PBXGroup;
			children = (
				9CA2ED6E28ECBE02DEAFD7AF /* Pods_NVActivityIndicatorView.framework */,
				33871491FB0D16BF79552A73 /* Pods_NVActivityIndicatorViewAppExtension.framework */,
			);
			name = Frameworks;
			sourceTree = "<group>";
		};
		7954CC8460E0A38C28A7F646 /* Pods */ = {
			isa = PBXGroup;
			children = (
				296A899C24C83EC9429D807C /* Pods-NVActivityIndicatorView.debug.xcconfig */,
				A1144635A5D518D25E7E0999 /* Pods-NVActivityIndicatorView.release.xcconfig */,
				E04D75F1A976D8BDAAE972C4 /* Pods-NVActivityIndicatorViewAppExtension.debug.xcconfig */,
				6D4BE5FA0DA03ED42FE66E92 /* Pods-NVActivityIndicatorViewAppExtension.release.xcconfig */,
			);
			name = Pods;
			sourceTree = "<group>";
		};
/* End PBXGroup section */

/* Begin PBXHeadersBuildPhase section */
		1F0326911F0D24BE00BF3358 /* Headers */ = {
			isa = PBXHeadersBuildPhase;
			buildActionMask = 2147483647;
			files = (
				1F0326EF1F0D277900BF3358 /* NVActivityIndicatorView.h in Headers */,
			);
			runOnlyForDeploymentPostprocessing = 0;
		};
		1F88C9D61F10D0B200869231 /* Headers */ = {
			isa = PBXHeadersBuildPhase;
			buildActionMask = 2147483647;
			files = (
				1F88C9DD1F10D0B200869231 /* NVActivityIndicatorViewAppExtension.h in Headers */,
			);
			runOnlyForDeploymentPostprocessing = 0;
		};
/* End PBXHeadersBuildPhase section */

/* Begin PBXNativeTarget section */
		1F0326931F0D24BE00BF3358 /* NVActivityIndicatorView */ = {
			isa = PBXNativeTarget;
			buildConfigurationList = 1F03269C1F0D24BE00BF3358 /* Build configuration list for PBXNativeTarget "NVActivityIndicatorView" */;
			buildPhases = (
				79CEECD3D9466F040FD01796 /* [CP] Check Pods Manifest.lock */,
				1F03268F1F0D24BE00BF3358 /* Sources */,
				1F0326901F0D24BE00BF3358 /* Frameworks */,
				1F0326911F0D24BE00BF3358 /* Headers */,
				1F0326921F0D24BE00BF3358 /* Resources */,
				1159A13D4A1A3B0B680DE3C3 /* [CP] Copy Pods Resources */,
			);
			buildRules = (
			);
			dependencies = (
			);
			name = NVActivityIndicatorView;
			productName = NVActivityIndicatorView;
			productReference = 1F0326941F0D24BE00BF3358 /* NVActivityIndicatorView.framework */;
			productType = "com.apple.product-type.framework";
		};
		1F88C9D81F10D0B200869231 /* NVActivityIndicatorViewAppExtension */ = {
			isa = PBXNativeTarget;
			buildConfigurationList = 1F88C9DE1F10D0B200869231 /* Build configuration list for PBXNativeTarget "NVActivityIndicatorViewAppExtension" */;
			buildPhases = (
				5CDB2E74872C40AD33D7E0A0 /* [CP] Check Pods Manifest.lock */,
				1F88C9D41F10D0B200869231 /* Sources */,
				1F88C9D51F10D0B200869231 /* Frameworks */,
				1F88C9D61F10D0B200869231 /* Headers */,
				1F88C9D71F10D0B200869231 /* Resources */,
				2DFAAC34EDB43C5C024AFBB0 /* [CP] Copy Pods Resources */,
			);
			buildRules = (
			);
			dependencies = (
			);
			name = NVActivityIndicatorViewAppExtension;
			productName = NVActivityIndicatorViewAppExtension;
			productReference = 1F88C9D91F10D0B200869231 /* NVActivityIndicatorViewAppExtension.framework */;
			productType = "com.apple.product-type.framework";
		};
/* End PBXNativeTarget section */

/* Begin PBXProject section */
		1F03268B1F0D24BE00BF3358 /* Project object */ = {
			isa = PBXProject;
			attributes = {
				LastSwiftUpdateCheck = 0830;
				LastUpgradeCheck = 0900;
				ORGANIZATIONNAME = "Vinh Nguyen";
				TargetAttributes = {
					1F0326931F0D24BE00BF3358 = {
						CreatedOnToolsVersion = 8.3;
						LastSwiftMigration = 0900;
						ProvisioningStyle = Manual;
					};
					1F88C9D81F10D0B200869231 = {
						CreatedOnToolsVersion = 8.3;
						LastSwiftMigration = 0900;
						ProvisioningStyle = Manual;
					};
				};
			};
			buildConfigurationList = 1F03268E1F0D24BE00BF3358 /* Build configuration list for PBXProject "NVActivityIndicatorView" */;
			compatibilityVersion = "Xcode 3.2";
			developmentRegion = English;
			hasScannedForEncodings = 0;
			knownRegions = (
				en,
			);
			mainGroup = 1F03268A1F0D24BE00BF3358;
			productRefGroup = 1F0326951F0D24BE00BF3358 /* Products */;
			projectDirPath = "";
			projectRoot = "";
			targets = (
				1F0326931F0D24BE00BF3358 /* NVActivityIndicatorView */,
				1F88C9D81F10D0B200869231 /* NVActivityIndicatorViewAppExtension */,
			);
		};
/* End PBXProject section */

/* Begin PBXResourcesBuildPhase section */
		1F0326921F0D24BE00BF3358 /* Resources */ = {
			isa = PBXResourcesBuildPhase;
			buildActionMask = 2147483647;
			files = (
			);
			runOnlyForDeploymentPostprocessing = 0;
		};
		1F88C9D71F10D0B200869231 /* Resources */ = {
			isa = PBXResourcesBuildPhase;
			buildActionMask = 2147483647;
			files = (
			);
			runOnlyForDeploymentPostprocessing = 0;
		};
/* End PBXResourcesBuildPhase section */

/* Begin PBXShellScriptBuildPhase section */
		1159A13D4A1A3B0B680DE3C3 /* [CP] Copy Pods Resources */ = {
			isa = PBXShellScriptBuildPhase;
			buildActionMask = 2147483647;
			files = (
			);
			inputPaths = (
			);
			name = "[CP] Copy Pods Resources";
			outputPaths = (
			);
			runOnlyForDeploymentPostprocessing = 0;
			shellPath = /bin/sh;
			shellScript = "\"${SRCROOT}/Pods/Target Support Files/Pods-NVActivityIndicatorView/Pods-NVActivityIndicatorView-resources.sh\"\n";
			showEnvVarsInLog = 0;
		};
		2DFAAC34EDB43C5C024AFBB0 /* [CP] Copy Pods Resources */ = {
			isa = PBXShellScriptBuildPhase;
			buildActionMask = 2147483647;
			files = (
			);
			inputPaths = (
			);
			name = "[CP] Copy Pods Resources";
			outputPaths = (
			);
			runOnlyForDeploymentPostprocessing = 0;
			shellPath = /bin/sh;
			shellScript = "\"${SRCROOT}/Pods/Target Support Files/Pods-NVActivityIndicatorViewAppExtension/Pods-NVActivityIndicatorViewAppExtension-resources.sh\"\n";
			showEnvVarsInLog = 0;
		};
		5CDB2E74872C40AD33D7E0A0 /* [CP] Check Pods Manifest.lock */ = {
			isa = PBXShellScriptBuildPhase;
			buildActionMask = 2147483647;
			files = (
			);
			inputPaths = (
				"${PODS_PODFILE_DIR_PATH}/Podfile.lock",
				"${PODS_ROOT}/Manifest.lock",
			);
			name = "[CP] Check Pods Manifest.lock";
			outputPaths = (
				"$(DERIVED_FILE_DIR)/Pods-NVActivityIndicatorViewAppExtension-checkManifestLockResult.txt",
			);
			runOnlyForDeploymentPostprocessing = 0;
			shellPath = /bin/sh;
			shellScript = "diff \"${PODS_PODFILE_DIR_PATH}/Podfile.lock\" \"${PODS_ROOT}/Manifest.lock\" > /dev/null\nif [ $? != 0 ] ; then\n    # print error to STDERR\n    echo \"error: The sandbox is not in sync with the Podfile.lock. Run 'pod install' or update your CocoaPods installation.\" >&2\n    exit 1\nfi\n# This output is used by Xcode 'outputs' to avoid re-running this script phase.\necho \"SUCCESS\" > \"${SCRIPT_OUTPUT_FILE_0}\"\n";
			showEnvVarsInLog = 0;
		};
		79CEECD3D9466F040FD01796 /* [CP] Check Pods Manifest.lock */ = {
			isa = PBXShellScriptBuildPhase;
			buildActionMask = 2147483647;
			files = (
			);
			inputPaths = (
				"${PODS_PODFILE_DIR_PATH}/Podfile.lock",
				"${PODS_ROOT}/Manifest.lock",
			);
			name = "[CP] Check Pods Manifest.lock";
			outputPaths = (
				"$(DERIVED_FILE_DIR)/Pods-NVActivityIndicatorView-checkManifestLockResult.txt",
			);
			runOnlyForDeploymentPostprocessing = 0;
			shellPath = /bin/sh;
			shellScript = "diff \"${PODS_PODFILE_DIR_PATH}/Podfile.lock\" \"${PODS_ROOT}/Manifest.lock\" > /dev/null\nif [ $? != 0 ] ; then\n    # print error to STDERR\n    echo \"error: The sandbox is not in sync with the Podfile.lock. Run 'pod install' or update your CocoaPods installation.\" >&2\n    exit 1\nfi\n# This output is used by Xcode 'outputs' to avoid re-running this script phase.\necho \"SUCCESS\" > \"${SCRIPT_OUTPUT_FILE_0}\"\n";
			showEnvVarsInLog = 0;
		};
/* End PBXShellScriptBuildPhase section */

/* Begin PBXSourcesBuildPhase section */
		1F03268F1F0D24BE00BF3358 /* Sources */ = {
			isa = PBXSourcesBuildPhase;
			buildActionMask = 2147483647;
			files = (
				1F88C9D31F10D03E00869231 /* NVActivityIndicatorViewable.swift in Sources */,
				1F0326E81F0D257700BF3358 /* NVActivityIndicatorView.swift in Sources */,
				1F88C9D21F10D03E00869231 /* NVActivityIndicatorPresenter.swift in Sources */,
				1F0326E71F0D257700BF3358 /* NVActivityIndicatorShape.swift in Sources */,
				1F0326E51F0D257700BF3358 /* NVActivityIndicatorAnimationDelegate.swift in Sources */,
			);
			runOnlyForDeploymentPostprocessing = 0;
		};
		1F88C9D41F10D0B200869231 /* Sources */ = {
			isa = PBXSourcesBuildPhase;
			buildActionMask = 2147483647;
			files = (
				1F88C9E21F10D0D300869231 /* NVActivityIndicatorShape.swift in Sources */,
				1F88C9E31F10D0D300869231 /* NVActivityIndicatorView.swift in Sources */,
				1F88C9E11F10D0D300869231 /* NVActivityIndicatorAnimationDelegate.swift in Sources */,
			);
			runOnlyForDeploymentPostprocessing = 0;
		};
/* End PBXSourcesBuildPhase section */

/* Begin XCBuildConfiguration section */
		1F03269A1F0D24BE00BF3358 /* Debug */ = {
			isa = XCBuildConfiguration;
			buildSettings = {
				ALWAYS_SEARCH_USER_PATHS = NO;
				CLANG_ANALYZER_NONNULL = YES;
				CLANG_ANALYZER_NUMBER_OBJECT_CONVERSION = YES_AGGRESSIVE;
				CLANG_CXX_LANGUAGE_STANDARD = "gnu++0x";
				CLANG_CXX_LIBRARY = "libc++";
				CLANG_ENABLE_MODULES = YES;
				CLANG_ENABLE_OBJC_ARC = YES;
				CLANG_WARN_BLOCK_CAPTURE_AUTORELEASING = YES;
				CLANG_WARN_BOOL_CONVERSION = YES;
				CLANG_WARN_COMMA = YES;
				CLANG_WARN_CONSTANT_CONVERSION = YES;
				CLANG_WARN_DIRECT_OBJC_ISA_USAGE = YES_ERROR;
				CLANG_WARN_DOCUMENTATION_COMMENTS = YES;
				CLANG_WARN_EMPTY_BODY = YES;
				CLANG_WARN_ENUM_CONVERSION = YES;
				CLANG_WARN_INFINITE_RECURSION = YES;
				CLANG_WARN_INT_CONVERSION = YES;
				CLANG_WARN_NON_LITERAL_NULL_CONVERSION = YES;
				CLANG_WARN_OBJC_LITERAL_CONVERSION = YES;
				CLANG_WARN_OBJC_ROOT_CLASS = YES_ERROR;
				CLANG_WARN_RANGE_LOOP_ANALYSIS = YES;
				CLANG_WARN_STRICT_PROTOTYPES = YES;
				CLANG_WARN_SUSPICIOUS_MOVE = YES;
				CLANG_WARN_UNREACHABLE_CODE = YES;
				CLANG_WARN__DUPLICATE_METHOD_MATCH = YES;
				"CODE_SIGN_IDENTITY[sdk=iphoneos*]" = "iPhone Developer";
				COPY_PHASE_STRIP = NO;
				CURRENT_PROJECT_VERSION = 1;
				DEBUG_INFORMATION_FORMAT = dwarf;
				ENABLE_STRICT_OBJC_MSGSEND = YES;
				ENABLE_TESTABILITY = YES;
				GCC_C_LANGUAGE_STANDARD = gnu99;
				GCC_DYNAMIC_NO_PIC = NO;
				GCC_NO_COMMON_BLOCKS = YES;
				GCC_OPTIMIZATION_LEVEL = 0;
				GCC_PREPROCESSOR_DEFINITIONS = (
					"DEBUG=1",
					"$(inherited)",
				);
				GCC_WARN_64_TO_32_BIT_CONVERSION = YES;
				GCC_WARN_ABOUT_RETURN_TYPE = YES_ERROR;
				GCC_WARN_UNDECLARED_SELECTOR = YES;
				GCC_WARN_UNINITIALIZED_AUTOS = YES_AGGRESSIVE;
				GCC_WARN_UNUSED_FUNCTION = YES;
				GCC_WARN_UNUSED_VARIABLE = YES;
				IPHONEOS_DEPLOYMENT_TARGET = 8.0;
				MTL_ENABLE_DEBUG_INFO = YES;
				ONLY_ACTIVE_ARCH = YES;
				SDKROOT = iphoneos;
				SWIFT_ACTIVE_COMPILATION_CONDITIONS = DEBUG;
				SWIFT_OPTIMIZATION_LEVEL = "-Onone";
				SWIFT_SWIFT3_OBJC_INFERENCE = Default;
				TARGETED_DEVICE_FAMILY = "1,2";
				VERSIONING_SYSTEM = "apple-generic";
				VERSION_INFO_PREFIX = "";
			};
			name = Debug;
		};
		1F03269B1F0D24BE00BF3358 /* Release */ = {
			isa = XCBuildConfiguration;
			buildSettings = {
				ALWAYS_SEARCH_USER_PATHS = NO;
				CLANG_ANALYZER_NONNULL = YES;
				CLANG_ANALYZER_NUMBER_OBJECT_CONVERSION = YES_AGGRESSIVE;
				CLANG_CXX_LANGUAGE_STANDARD = "gnu++0x";
				CLANG_CXX_LIBRARY = "libc++";
				CLANG_ENABLE_MODULES = YES;
				CLANG_ENABLE_OBJC_ARC = YES;
				CLANG_WARN_BLOCK_CAPTURE_AUTORELEASING = YES;
				CLANG_WARN_BOOL_CONVERSION = YES;
				CLANG_WARN_COMMA = YES;
				CLANG_WARN_CONSTANT_CONVERSION = YES;
				CLANG_WARN_DIRECT_OBJC_ISA_USAGE = YES_ERROR;
				CLANG_WARN_DOCUMENTATION_COMMENTS = YES;
				CLANG_WARN_EMPTY_BODY = YES;
				CLANG_WARN_ENUM_CONVERSION = YES;
				CLANG_WARN_INFINITE_RECURSION = YES;
				CLANG_WARN_INT_CONVERSION = YES;
				CLANG_WARN_NON_LITERAL_NULL_CONVERSION = YES;
				CLANG_WARN_OBJC_LITERAL_CONVERSION = YES;
				CLANG_WARN_OBJC_ROOT_CLASS = YES_ERROR;
				CLANG_WARN_RANGE_LOOP_ANALYSIS = YES;
				CLANG_WARN_STRICT_PROTOTYPES = YES;
				CLANG_WARN_SUSPICIOUS_MOVE = YES;
				CLANG_WARN_UNREACHABLE_CODE = YES;
				CLANG_WARN__DUPLICATE_METHOD_MATCH = YES;
				"CODE_SIGN_IDENTITY[sdk=iphoneos*]" = "iPhone Developer";
				COPY_PHASE_STRIP = NO;
				CURRENT_PROJECT_VERSION = 1;
				DEBUG_INFORMATION_FORMAT = "dwarf-with-dsym";
				ENABLE_NS_ASSERTIONS = NO;
				ENABLE_STRICT_OBJC_MSGSEND = YES;
				GCC_C_LANGUAGE_STANDARD = gnu99;
				GCC_NO_COMMON_BLOCKS = YES;
				GCC_WARN_64_TO_32_BIT_CONVERSION = YES;
				GCC_WARN_ABOUT_RETURN_TYPE = YES_ERROR;
				GCC_WARN_UNDECLARED_SELECTOR = YES;
				GCC_WARN_UNINITIALIZED_AUTOS = YES_AGGRESSIVE;
				GCC_WARN_UNUSED_FUNCTION = YES;
				GCC_WARN_UNUSED_VARIABLE = YES;
				IPHONEOS_DEPLOYMENT_TARGET = 8.0;
				MTL_ENABLE_DEBUG_INFO = NO;
				SDKROOT = iphoneos;
				SWIFT_OPTIMIZATION_LEVEL = "-Owholemodule";
				SWIFT_SWIFT3_OBJC_INFERENCE = Default;
				TARGETED_DEVICE_FAMILY = "1,2";
				VALIDATE_PRODUCT = YES;
				VERSIONING_SYSTEM = "apple-generic";
				VERSION_INFO_PREFIX = "";
			};
			name = Release;
		};
		1F03269D1F0D24BE00BF3358 /* Debug */ = {
			isa = XCBuildConfiguration;
			baseConfigurationReference = 296A899C24C83EC9429D807C /* Pods-NVActivityIndicatorView.debug.xcconfig */;
			buildSettings = {
				APPLICATION_EXTENSION_API_ONLY = NO;
				CLANG_ENABLE_MODULES = YES;
				CODE_SIGN_IDENTITY = "";
				DEFINES_MODULE = YES;
				DEVELOPMENT_TEAM = "";
				DYLIB_COMPATIBILITY_VERSION = 1;
				DYLIB_CURRENT_VERSION = 1;
				DYLIB_INSTALL_NAME_BASE = "@rpath";
				INFOPLIST_FILE = "$(SRCROOT)/NVActivityIndicatorView/Supporting Files/Info.plist";
				INSTALL_PATH = "$(LOCAL_LIBRARY_DIR)/Frameworks";
				IPHONEOS_DEPLOYMENT_TARGET = 8.0;
				LD_RUNPATH_SEARCH_PATHS = "$(inherited) @executable_path/Frameworks @loader_path/Frameworks";
				PRODUCT_BUNDLE_IDENTIFIER = me.vinhis.NVActivityIndicatorView;
				PRODUCT_NAME = "$(TARGET_NAME)";
				PROVISIONING_PROFILE_SPECIFIER = "";
				SKIP_INSTALL = YES;
				SWIFT_OPTIMIZATION_LEVEL = "-Onone";
				SWIFT_SWIFT3_OBJC_INFERENCE = Default;
				SWIFT_VERSION = 4.0;
			};
			name = Debug;
		};
		1F03269E1F0D24BE00BF3358 /* Release */ = {
			isa = XCBuildConfiguration;
			baseConfigurationReference = A1144635A5D518D25E7E0999 /* Pods-NVActivityIndicatorView.release.xcconfig */;
			buildSettings = {
				APPLICATION_EXTENSION_API_ONLY = NO;
				CLANG_ENABLE_MODULES = YES;
				CODE_SIGN_IDENTITY = "";
				DEFINES_MODULE = YES;
				DEVELOPMENT_TEAM = "";
				DYLIB_COMPATIBILITY_VERSION = 1;
				DYLIB_CURRENT_VERSION = 1;
				DYLIB_INSTALL_NAME_BASE = "@rpath";
				INFOPLIST_FILE = "$(SRCROOT)/NVActivityIndicatorView/Supporting Files/Info.plist";
				INSTALL_PATH = "$(LOCAL_LIBRARY_DIR)/Frameworks";
				IPHONEOS_DEPLOYMENT_TARGET = 8.0;
				LD_RUNPATH_SEARCH_PATHS = "$(inherited) @executable_path/Frameworks @loader_path/Frameworks";
				PRODUCT_BUNDLE_IDENTIFIER = me.vinhis.NVActivityIndicatorView;
				PRODUCT_NAME = "$(TARGET_NAME)";
				PROVISIONING_PROFILE_SPECIFIER = "";
				SKIP_INSTALL = YES;
				SWIFT_SWIFT3_OBJC_INFERENCE = Default;
				SWIFT_VERSION = 4.0;
			};
			name = Release;
		};
		1F88C9DF1F10D0B200869231 /* Debug */ = {
			isa = XCBuildConfiguration;
			baseConfigurationReference = E04D75F1A976D8BDAAE972C4 /* Pods-NVActivityIndicatorViewAppExtension.debug.xcconfig */;
			buildSettings = {
				APPLICATION_EXTENSION_API_ONLY = YES;
				CODE_SIGN_IDENTITY = "";
				DEFINES_MODULE = YES;
				DEVELOPMENT_TEAM = "";
				DYLIB_COMPATIBILITY_VERSION = 1;
				DYLIB_CURRENT_VERSION = 1;
				DYLIB_INSTALL_NAME_BASE = "@rpath";
				INFOPLIST_FILE = NVActivityIndicatorViewAppExtension/Info.plist;
				INSTALL_PATH = "$(LOCAL_LIBRARY_DIR)/Frameworks";
				IPHONEOS_DEPLOYMENT_TARGET = 8.0;
				LD_RUNPATH_SEARCH_PATHS = "$(inherited) @executable_path/Frameworks @loader_path/Frameworks";
				PRODUCT_BUNDLE_IDENTIFIER = me.vinhis.NVActivityIndicatorViewAppExtension;
				PRODUCT_NAME = "$(TARGET_NAME)";
				PROVISIONING_PROFILE_SPECIFIER = "";
				SKIP_INSTALL = YES;
				SWIFT_SWIFT3_OBJC_INFERENCE = Default;
				SWIFT_VERSION = 4.0;
			};
			name = Debug;
		};
		1F88C9E01F10D0B200869231 /* Release */ = {
			isa = XCBuildConfiguration;
			baseConfigurationReference = 6D4BE5FA0DA03ED42FE66E92 /* Pods-NVActivityIndicatorViewAppExtension.release.xcconfig */;
			buildSettings = {
				APPLICATION_EXTENSION_API_ONLY = YES;
				CODE_SIGN_IDENTITY = "";
				DEFINES_MODULE = YES;
				DEVELOPMENT_TEAM = "";
				DYLIB_COMPATIBILITY_VERSION = 1;
				DYLIB_CURRENT_VERSION = 1;
				DYLIB_INSTALL_NAME_BASE = "@rpath";
				INFOPLIST_FILE = NVActivityIndicatorViewAppExtension/Info.plist;
				INSTALL_PATH = "$(LOCAL_LIBRARY_DIR)/Frameworks";
				IPHONEOS_DEPLOYMENT_TARGET = 8.0;
				LD_RUNPATH_SEARCH_PATHS = "$(inherited) @executable_path/Frameworks @loader_path/Frameworks";
				PRODUCT_BUNDLE_IDENTIFIER = me.vinhis.NVActivityIndicatorViewAppExtension;
				PRODUCT_NAME = "$(TARGET_NAME)";
				PROVISIONING_PROFILE_SPECIFIER = "";
				SKIP_INSTALL = YES;
				SWIFT_SWIFT3_OBJC_INFERENCE = Default;
				SWIFT_VERSION = 4.0;
			};
			name = Release;
		};
/* End XCBuildConfiguration section */

/* Begin XCConfigurationList section */
		1F03268E1F0D24BE00BF3358 /* Build configuration list for PBXProject "NVActivityIndicatorView" */ = {
			isa = XCConfigurationList;
			buildConfigurations = (
				1F03269A1F0D24BE00BF3358 /* Debug */,
				1F03269B1F0D24BE00BF3358 /* Release */,
			);
			defaultConfigurationIsVisible = 0;
			defaultConfigurationName = Release;
		};
		1F03269C1F0D24BE00BF3358 /* Build configuration list for PBXNativeTarget "NVActivityIndicatorView" */ = {
			isa = XCConfigurationList;
			buildConfigurations = (
				1F03269D1F0D24BE00BF3358 /* Debug */,
				1F03269E1F0D24BE00BF3358 /* Release */,
			);
			defaultConfigurationIsVisible = 0;
			defaultConfigurationName = Release;
		};
		1F88C9DE1F10D0B200869231 /* Build configuration list for PBXNativeTarget "NVActivityIndicatorViewAppExtension" */ = {
			isa = XCConfigurationList;
			buildConfigurations = (
				1F88C9DF1F10D0B200869231 /* Debug */,
				1F88C9E01F10D0B200869231 /* Release */,
			);
			defaultConfigurationIsVisible = 0;
			defaultConfigurationName = Release;
		};
/* End XCConfigurationList section */
	};
	rootObject = 1F03268B1F0D24BE00BF3358 /* Project object */;
}
